
Microsoft Visual Studio Solution File, Format Version 12.00
# Visual Studio 15
VisualStudioVersion = 15.0.26730.16
MinimumVisualStudioVersion = 10.0.40219.1
Project("{888888A0-9F3D-457C-B088-3A5042F75D52}") = "integral_exponencial", "integral_exponencial\integral_exponencial.pyproj", "{BE50BBE5-CB8D-4BF1-AF5A-C031C6C51591}"
EndProject
Global
	GlobalSection(SolutionConfigurationPlatforms) = preSolution
		Debug|Any CPU = Debug|Any CPU
		Release|Any CPU = Release|Any CPU
	EndGlobalSection
	GlobalSection(ProjectConfigurationPlatforms) = postSolution
		{BE50BBE5-CB8D-4BF1-AF5A-C031C6C51591}.Debug|Any CPU.ActiveCfg = Debug|Any CPU
		{BE50BBE5-CB8D-4BF1-AF5A-C031C6C51591}.Release|Any CPU.ActiveCfg = Release|Any CPU
	EndGlobalSection
	GlobalSection(SolutionProperties) = preSolution
		HideSolutionNode = FALSE
	EndGlobalSection
	GlobalSection(ExtensibilityGlobals) = postSolution
		SolutionGuid = {723A4B52-0C49-4A69-9C78-43402E9E2A5C}
	EndGlobalSection
EndGlobal
